// !$*UTF8*$!
{
	archiveVersion = 1;
	classes = {
	};
	objectVersion = 48;
	objects = {

/* Begin PBXBuildFile section */
		03FF16E520B15C77006864A6 /* main.swift in Sources */ = {isa = PBXBuildFile; fileRef = 03FF16E420B15C77006864A6 /* main.swift */; };
		03FF16EC20B15CC3006864A6 /* Figure.swift in Sources */ = {isa = PBXBuildFile; fileRef = 03FF16EB20B15CC3006864A6 /* Figure.swift */; };
		03FF16EE20B15E4D006864A6 /* FigureType.swift in Sources */ = {isa = PBXBuildFile; fileRef = 03FF16ED20B15E4D006864A6 /* FigureType.swift */; };
		03FF16F020B15E8D006864A6 /* Quadriteral.swift in Sources */ = {isa = PBXBuildFile; fileRef = 03FF16EF20B15E8D006864A6 /* Quadriteral.swift */; };
/* End PBXBuildFile section */

/* Begin PBXCopyFilesBuildPhase section */
		03FF16DF20B15C77006864A6 /* CopyFiles */ = {
			isa = PBXCopyFilesBuildPhase;
			buildActionMask = 2147483647;
			dstPath = /usr/share/man/man1/;
			dstSubfolderSpec = 0;
			files = (
			);
			runOnlyForDeploymentPostprocessing = 1;
		};
/* End PBXCopyFilesBuildPhase section */

/* Begin PBXFileReference section */
		03FF16E120B15C77006864A6 /* hw9(Swift) */ = {isa = PBXFileReference; explicitFileType = "compiled.mach-o.executable"; includeInIndex = 0; path = "hw9(Swift)"; sourceTree = BUILT_PRODUCTS_DIR; };
		03FF16E420B15C77006864A6 /* main.swift */ = {isa = PBXFileReference; lastKnownFileType = sourcecode.swift; path = main.swift; sourceTree = "<group>"; };
		03FF16EB20B15CC3006864A6 /* Figure.swift */ = {isa = PBXFileReference; lastKnownFileType = sourcecode.swift; path = Figure.swift; sourceTree = "<group>"; };
		03FF16ED20B15E4D006864A6 /* FigureType.swift */ = {isa = PBXFileReference; lastKnownFileType = sourcecode.swift; path = FigureType.swift; sourceTree = "<group>"; };
		03FF16EF20B15E8D006864A6 /* Quadriteral.swift */ = {isa = PBXFileReference; lastKnownFileType = sourcecode.swift; path = Quadriteral.swift; sourceTree = "<group>"; };
/* End PBXFileReference section */

/* Begin PBXFrameworksBuildPhase section */
		03FF16DE20B15C77006864A6 /* Frameworks */ = {
			isa = PBXFrameworksBuildPhase;
			buildActionMask = 2147483647;
			files = (
			);
			runOnlyForDeploymentPostprocessing = 0;
		};
/* End PBXFrameworksBuildPhase section */

/* Begin PBXGroup section */
		03FF16D820B15C77006864A6 = {
			isa = PBXGroup;
			children = (
				03FF16E320B15C77006864A6 /* hw9(Swift) */,
				03FF16E220B15C77006864A6 /* Products */,
			);
			sourceTree = "<group>";
		};
		03FF16E220B15C77006864A6 /* Products */ = {
			isa = PBXGroup;
			children = (
				03FF16E120B15C77006864A6 /* hw9(Swift) */,
			);
			name = Products;
			sourceTree = "<group>";
		};
		03FF16E320B15C77006864A6 /* hw9(Swift) */ = {
			isa = PBXGroup;
			children = (
				03FF16E420B15C77006864A6 /* main.swift */,
				03FF16ED20B15E4D006864A6 /* FigureType.swift */,
				03FF16EF20B15E8D006864A6 /* Quadriteral.swift */,
				03FF16EB20B15CC3006864A6 /* Figure.swift */,
			);
			path = "hw9(Swift)";
			sourceTree = "<group>";
		};
/* End PBXGroup section */

/* Begin PBXNativeTarget section */
		03FF16E020B15C77006864A6 /* hw9(Swift) */ = {
			isa = PBXNativeTarget;
			buildConfigurationList = 03FF16E820B15C77006864A6 /* Build configuration list for PBXNativeTarget "hw9(Swift)" */;
			buildPhases = (
				03FF16DD20B15C77006864A6 /* Sources */,
				03FF16DE20B15C77006864A6 /* Frameworks */,
				03FF16DF20B15C77006864A6 /* CopyFiles */,
			);
			buildRules = (
			);
			dependencies = (
			);
			name = "hw9(Swift)";
			productName = "hw9(Swift)";
			productReference = 03FF16E120B15C77006864A6 /* hw9(Swift) */;
			productType = "com.apple.product-type.tool";
		};
/* End PBXNativeTarget section */

/* Begin PBXProject section */
		03FF16D920B15C77006864A6 /* Project object */ = {
			isa = PBXProject;
			attributes = {
				LastSwiftUpdateCheck = 0920;
				LastUpgradeCheck = 0920;
				ORGANIZATIONNAME = "yurii zhuk";
				TargetAttributes = {
					03FF16E020B15C77006864A6 = {
						CreatedOnToolsVersion = 9.2;
						ProvisioningStyle = Automatic;
					};
				};
			};
			buildConfigurationList = 03FF16DC20B15C77006864A6 /* Build configuration list for PBXProject "hw9(Swift)" */;
			compatibilityVersion = "Xcode 8.0";
			developmentRegion = en;
			hasScannedForEncodings = 0;
			knownRegions = (
				en,
			);
			mainGroup = 03FF16D820B15C77006864A6;
			productRefGroup = 03FF16E220B15C77006864A6 /* Products */;
			projectDirPath = "";
			projectRoot = "";
			targets = (
				03FF16E020B15C77006864A6 /* hw9(Swift) */,
			);
		};
/* End PBXProject section */

/* Begin PBXSourcesBuildPhase section */
		03FF16DD20B15C77006864A6 /* Sources */ = {
			isa = PBXSourcesBuildPhase;
			buildActionMask = 2147483647;
			files = (
				03FF16E520B15C77006864A6 /* main.swift in Sources */,
				03FF16EE20B15E4D006864A6 /* FigureType.swift in Sources */,
				03FF16F020B15E8D006864A6 /* Quadriteral.swift in Sources */,
				03FF16EC20B15CC3006864A6 /* Figure.swift in Sources */,
			);
			runOnlyForDeploymentPostprocessing = 0;
		};
/* End PBXSourcesBuildPhase section */

/* Begin XCBuildConfiguration section */
		03FF16E620B15C77006864A6 /* Debug */ = {
			isa = XCBuildConfiguration;
			buildSettings = {
				ALWAYS_SEARCH_USER_PATHS = NO;
				CLANG_ANALYZER_NONNULL = YES;
				CLANG_ANALYZER_NUMBER_OBJECT_CONVERSION = YES_AGGRESSIVE;
				CLANG_CXX_LANGUAGE_STANDARD = "gnu++14";
				CLANG_CXX_LIBRARY = "libc++";
				CLANG_ENABLE_MODULES = YES;
				CLANG_ENABLE_OBJC_ARC = YES;
				CLANG_WARN_BLOCK_CAPTURE_AUTORELEASING = YES;
				CLANG_WARN_BOOL_CONVERSION = YES;
				CLANG_WARN_COMMA = YES;
				CLANG_WARN_CONSTANT_CONVERSION = YES;
				CLANG_WARN_DIRECT_OBJC_ISA_USAGE = YES_ERROR;
				CLANG_WARN_DOCUMENTATION_COMMENTS = YES;
				CLANG_WARN_EMPTY_BODY = YES;
				CLANG_WARN_ENUM_CONVERSION = YES;
				CLANG_WARN_INFINITE_RECURSION = YES;
				CLANG_WARN_INT_CONVERSION = YES;
				CLANG_WARN_NON_LITERAL_NULL_CONVERSION = YES;
				CLANG_WARN_OBJC_LITERAL_CONVERSION = YES;
				CLANG_WARN_OBJC_ROOT_CLASS = YES_ERROR;
				CLANG_WARN_RANGE_LOOP_ANALYSIS = YES;
				CLANG_WARN_STRICT_PROTOTYPES = YES;
				CLANG_WARN_SUSPICIOUS_MOVE = YES;
				CLANG_WARN_UNGUARDED_AVAILABILITY = YES_AGGRESSIVE;
				CLANG_WARN_UNREACHABLE_CODE = YES;
				CLANG_WARN__DUPLICATE_METHOD_MATCH = YES;
				CODE_SIGN_IDENTITY = "Mac Developer";
				COPY_PHASE_STRIP = NO;
				DEBUG_INFORMATION_FORMAT = dwarf;
				ENABLE_STRICT_OBJC_MSGSEND = YES;
				ENABLE_TESTABILITY = YES;
				GCC_C_LANGUAGE_STANDARD = gnu11;
				GCC_DYNAMIC_NO_PIC = NO;
				GCC_NO_COMMON_BLOCKS = YES;
				GCC_OPTIMIZATION_LEVEL = 0;
				GCC_PREPROCESSOR_DEFINITIONS = (
					"DEBUG=1",
					"$(inherited)",
				);
				GCC_WARN_64_TO_32_BIT_CONVERSION = YES;
				GCC_WARN_ABOUT_RETURN_TYPE = YES_ERROR;
				GCC_WARN_UNDECLARED_SELECTOR = YES;
				GCC_WARN_UNINITIALIZED_AUTOS = YES_AGGRESSIVE;
				GCC_WARN_UNUSED_FUNCTION = YES;
				GCC_WARN_UNUSED_VARIABLE = YES;
				MACOSX_DEPLOYMENT_TARGET = 10.12;
				MTL_ENABLE_DEBUG_INFO = YES;
				ONLY_ACTIVE_ARCH = YES;
				SDKROOT = macosx;
				SWIFT_ACTIVE_COMPILATION_CONDITIONS = DEBUG;
				SWIFT_OPTIMIZATION_LEVEL = "-Onone";
			};
			name = Debug;
		};
		03FF16E720B15C77006864A6 /* Release */ = {
			isa = XCBuildConfiguration;
			buildSettings = {
				ALWAYS_SEARCH_USER_PATHS = NO;
				CLANG_ANALYZER_NONNULL = YES;
				CLANG_ANALYZER_NUMBER_OBJECT_CONVERSION = YES_AGGRESSIVE;
				CLANG_CXX_LANGUAGE_STANDARD = "gnu++14";
				CLANG_CXX_LIBRARY = "libc++";
				CLANG_ENABLE_MODULES = YES;
				CLANG_ENABLE_OBJC_ARC = YES;
				CLANG_WARN_BLOCK_CAPTURE_AUTORELEASING = YES;
				CLANG_WARN_BOOL_CONVERSION = YES;
				CLANG_WARN_COMMA = YES;
				CLANG_WARN_CONSTANT_CONVERSION = YES;
				CLANG_WARN_DIRECT_OBJC_ISA_USAGE = YES_ERROR;
				CLANG_WARN_DOCUMENTATION_COMMENTS = YES;
				CLANG_WARN_EMPTY_BODY = YES;
				CLANG_WARN_ENUM_CONVERSION = YES;
				CLANG_WARN_INFINITE_RECURSION = YES;
				CLANG_WARN_INT_CONVERSION = YES;
				CLANG_WARN_NON_LITERAL_NULL_CONVERSION = YES;
				CLANG_WARN_OBJC_LITERAL_CONVERSION = YES;
				CLANG_WARN_OBJC_ROOT_CLASS = YES_ERROR;
				CLANG_WARN_RANGE_LOOP_ANALYSIS = YES;
				CLANG_WARN_STRICT_PROTOTYPES = YES;
				CLANG_WARN_SUSPICIOUS_MOVE = YES;
				CLANG_WARN_UNGUARDED_AVAILABILITY = YES_AGGRESSIVE;
				CLANG_WARN_UNREACHABLE_CODE = YES;
				CLANG_WARN__DUPLICATE_METHOD_MATCH = YES;
				CODE_SIGN_IDENTITY = "Mac Developer";
				COPY_PHASE_STRIP = NO;
				DEBUG_INFORMATION_FORMAT = "dwarf-with-dsym";
				ENABLE_NS_ASSERTIONS = NO;
				ENABLE_STRICT_OBJC_MSGSEND = YES;
				GCC_C_LANGUAGE_STANDARD = gnu11;
				GCC_NO_COMMON_BLOCKS = YES;
				GCC_WARN_64_TO_32_BIT_CONVERSION = YES;
				GCC_WARN_ABOUT_RETURN_TYPE = YES_ERROR;
				GCC_WARN_UNDECLARED_SELECTOR = YES;
				GCC_WARN_UNINITIALIZED_AUTOS = YES_AGGRESSIVE;
				GCC_WARN_UNUSED_FUNCTION = YES;
				GCC_WARN_UNUSED_VARIABLE = YES;
				MACOSX_DEPLOYMENT_TARGET = 10.12;
				MTL_ENABLE_DEBUG_INFO = NO;
				SDKROOT = macosx;
				SWIFT_OPTIMIZATION_LEVEL = "-Owholemodule";
			};
			name = Release;
		};
		03FF16E920B15C77006864A6 /* Debug */ = {
			isa = XCBuildConfiguration;
			buildSettings = {
				CODE_SIGN_STYLE = Automatic;
				DEVELOPMENT_TEAM = QG8877DZ36;
				PRODUCT_NAME = "$(TARGET_NAME)";
				SWIFT_VERSION = 4.0;
			};
			name = Debug;
		};
		03FF16EA20B15C77006864A6 /* Release */ = {
			isa = XCBuildConfiguration;
			buildSettings = {
				CODE_SIGN_STYLE = Automatic;
				DEVELOPMENT_TEAM = QG8877DZ36;
				PRODUCT_NAME = "$(TARGET_NAME)";
				SWIFT_VERSION = 4.0;
			};
			name = Release;
		};
/* End XCBuildConfiguration section */

/* Begin XCConfigurationList section */
		03FF16DC20B15C77006864A6 /* Build configuration list for PBXProject "hw9(Swift)" */ = {
			isa = XCConfigurationList;
			buildConfigurations = (
				03FF16E620B15C77006864A6 /* Debug */,
				03FF16E720B15C77006864A6 /* Release */,
			);
			defaultConfigurationIsVisible = 0;
			defaultConfigurationName = Release;
		};
		03FF16E820B15C77006864A6 /* Build configuration list for PBXNativeTarget "hw9(Swift)" */ = {
			isa = XCConfigurationList;
			buildConfigurations = (
				03FF16E920B15C77006864A6 /* Debug */,
				03FF16EA20B15C77006864A6 /* Release */,
			);
			defaultConfigurationIsVisible = 0;
			defaultConfigurationName = Release;
		};
/* End XCConfigurationList section */
	};
	rootObject = 03FF16D920B15C77006864A6 /* Project object */;
}
