// !$*UTF8*$!
{
	archiveVersion = 1;
	classes = {
	};
	objectVersion = 48;
	objects = {

/* Begin PBXBuildFile section */
		030BD01D20AF7D96007C2982 /* main.swift in Sources */ = {isa = PBXBuildFile; fileRef = 030BD01C20AF7D96007C2982 /* main.swift */; };
		03FF16A420B0CC2C006864A6 /*  GeometricEntity.swift in Sources */ = {isa = PBXBuildFile; fileRef = 03FF16A320B0CC2C006864A6 /*  GeometricEntity.swift */; };
		03FF16A620B0CDDF006864A6 /* GeometricEntity+area.swift in Sources */ = {isa = PBXBuildFile; fileRef = 03FF16A520B0CDDF006864A6 /* GeometricEntity+area.swift */; };
		03FF16A820B0CE02006864A6 /* GeometricEntity+perimetr.swift in Sources */ = {isa = PBXBuildFile; fileRef = 03FF16A720B0CE02006864A6 /* GeometricEntity+perimetr.swift */; };
		03FF16AB20B0CFEA006864A6 /* Line.swift in Sources */ = {isa = PBXBuildFile; fileRef = 03FF16AA20B0CFEA006864A6 /* Line.swift */; };
		03FF16AD20B0E4AB006864A6 /* Figure.swift in Sources */ = {isa = PBXBuildFile; fileRef = 03FF16AC20B0E4AB006864A6 /* Figure.swift */; };
		03FF16AF20B0E5A2006864A6 /* GeometricEntity+subscript.swift in Sources */ = {isa = PBXBuildFile; fileRef = 03FF16AE20B0E5A2006864A6 /* GeometricEntity+subscript.swift */; };
		03FF16B120B0E7A1006864A6 /* Triangle.swift in Sources */ = {isa = PBXBuildFile; fileRef = 03FF16B020B0E7A1006864A6 /* Triangle.swift */; };
		03FF16B320B143AB006864A6 /* Quadrilateral.swift in Sources */ = {isa = PBXBuildFile; fileRef = 03FF16B220B143AB006864A6 /* Quadrilateral.swift */; };
		03FF16B520B14FB0006864A6 /* Mathematics.swift in Sources */ = {isa = PBXBuildFile; fileRef = 03FF16B420B14FB0006864A6 /* Mathematics.swift */; };
		03FF16B720B15168006864A6 /* Unknown.swift in Sources */ = {isa = PBXBuildFile; fileRef = 03FF16B620B15168006864A6 /* Unknown.swift */; };
		03FF16B920B15720006864A6 /* Point.swift in Sources */ = {isa = PBXBuildFile; fileRef = 03FF16B820B15720006864A6 /* Point.swift */; };
/* End PBXBuildFile section */

/* Begin PBXCopyFilesBuildPhase section */
		030BD01720AF7D96007C2982 /* CopyFiles */ = {
			isa = PBXCopyFilesBuildPhase;
			buildActionMask = 2147483647;
			dstPath = /usr/share/man/man1/;
			dstSubfolderSpec = 0;
			files = (
			);
			runOnlyForDeploymentPostprocessing = 1;
		};
/* End PBXCopyFilesBuildPhase section */

/* Begin PBXFileReference section */
		030BD01920AF7D96007C2982 /* HW-9(Swift) */ = {isa = PBXFileReference; explicitFileType = "compiled.mach-o.executable"; includeInIndex = 0; path = "HW-9(Swift)"; sourceTree = BUILT_PRODUCTS_DIR; };
		030BD01C20AF7D96007C2982 /* main.swift */ = {isa = PBXFileReference; lastKnownFileType = sourcecode.swift; path = main.swift; sourceTree = "<group>"; };
		03FF16A320B0CC2C006864A6 /*  GeometricEntity.swift */ = {isa = PBXFileReference; lastKnownFileType = sourcecode.swift; path = " GeometricEntity.swift"; sourceTree = "<group>"; };
		03FF16A520B0CDDF006864A6 /* GeometricEntity+area.swift */ = {isa = PBXFileReference; lastKnownFileType = sourcecode.swift; path = "GeometricEntity+area.swift"; sourceTree = "<group>"; };
		03FF16A720B0CE02006864A6 /* GeometricEntity+perimetr.swift */ = {isa = PBXFileReference; lastKnownFileType = sourcecode.swift; path = "GeometricEntity+perimetr.swift"; sourceTree = "<group>"; };
		03FF16AA20B0CFEA006864A6 /* Line.swift */ = {isa = PBXFileReference; lastKnownFileType = sourcecode.swift; path = Line.swift; sourceTree = "<group>"; };
		03FF16AC20B0E4AB006864A6 /* Figure.swift */ = {isa = PBXFileReference; lastKnownFileType = sourcecode.swift; path = Figure.swift; sourceTree = "<group>"; };
		03FF16AE20B0E5A2006864A6 /* GeometricEntity+subscript.swift */ = {isa = PBXFileReference; lastKnownFileType = sourcecode.swift; path = "GeometricEntity+subscript.swift"; sourceTree = "<group>"; };
		03FF16B020B0E7A1006864A6 /* Triangle.swift */ = {isa = PBXFileReference; lastKnownFileType = sourcecode.swift; path = Triangle.swift; sourceTree = "<group>"; };
		03FF16B220B143AB006864A6 /* Quadrilateral.swift */ = {isa = PBXFileReference; lastKnownFileType = sourcecode.swift; path = Quadrilateral.swift; sourceTree = "<group>"; };
		03FF16B420B14FB0006864A6 /* Mathematics.swift */ = {isa = PBXFileReference; lastKnownFileType = sourcecode.swift; path = Mathematics.swift; sourceTree = "<group>"; };
		03FF16B620B15168006864A6 /* Unknown.swift */ = {isa = PBXFileReference; lastKnownFileType = sourcecode.swift; path = Unknown.swift; sourceTree = "<group>"; };
		03FF16B820B15720006864A6 /* Point.swift */ = {isa = PBXFileReference; fileEncoding = 4; lastKnownFileType = sourcecode.swift; path = Point.swift; sourceTree = "<group>"; };
/* End PBXFileReference section */

/* Begin PBXFrameworksBuildPhase section */
		030BD01620AF7D96007C2982 /* Frameworks */ = {
			isa = PBXFrameworksBuildPhase;
			buildActionMask = 2147483647;
			files = (
			);
			runOnlyForDeploymentPostprocessing = 0;
		};
/* End PBXFrameworksBuildPhase section */

/* Begin PBXGroup section */
		030BD01020AF7D96007C2982 = {
			isa = PBXGroup;
			children = (
				030BD01B20AF7D96007C2982 /* HW-9(Swift) */,
				030BD01A20AF7D96007C2982 /* Products */,
			);
			sourceTree = "<group>";
		};
		030BD01A20AF7D96007C2982 /* Products */ = {
			isa = PBXGroup;
			children = (
				030BD01920AF7D96007C2982 /* HW-9(Swift) */,
			);
			name = Products;
			sourceTree = "<group>";
		};
		030BD01B20AF7D96007C2982 /* HW-9(Swift) */ = {
			isa = PBXGroup;
			children = (
				030BD01C20AF7D96007C2982 /* main.swift */,
				03FF16AC20B0E4AB006864A6 /* Figure.swift */,
				03FF16AA20B0CFEA006864A6 /* Line.swift */,
				03FF16B020B0E7A1006864A6 /* Triangle.swift */,
				03FF16B220B143AB006864A6 /* Quadrilateral.swift */,
				03FF16B620B15168006864A6 /* Unknown.swift */,
				03FF16B420B14FB0006864A6 /* Mathematics.swift */,
				03FF16A920B0CF93006864A6 /* GeometricEntity */,
				03FF16B820B15720006864A6 /* Point.swift */,
			);
			path = "HW-9(Swift)";
			sourceTree = "<group>";
		};
		03FF16A920B0CF93006864A6 /* GeometricEntity */ = {
			isa = PBXGroup;
			children = (
				03FF16A320B0CC2C006864A6 /*  GeometricEntity.swift */,
				03FF16A520B0CDDF006864A6 /* GeometricEntity+area.swift */,
				03FF16A720B0CE02006864A6 /* GeometricEntity+perimetr.swift */,
				03FF16AE20B0E5A2006864A6 /* GeometricEntity+subscript.swift */,
			);
			path = GeometricEntity;
			sourceTree = "<group>";
		};
/* End PBXGroup section */

/* Begin PBXNativeTarget section */
		030BD01820AF7D96007C2982 /* HW-9(Swift) */ = {
			isa = PBXNativeTarget;
			buildConfigurationList = 030BD02020AF7D96007C2982 /* Build configuration list for PBXNativeTarget "HW-9(Swift)" */;
			buildPhases = (
				030BD01520AF7D96007C2982 /* Sources */,
				030BD01620AF7D96007C2982 /* Frameworks */,
				030BD01720AF7D96007C2982 /* CopyFiles */,
			);
			buildRules = (
			);
			dependencies = (
			);
			name = "HW-9(Swift)";
			productName = "HW-9(Swift)";
			productReference = 030BD01920AF7D96007C2982 /* HW-9(Swift) */;
			productType = "com.apple.product-type.tool";
		};
/* End PBXNativeTarget section */

/* Begin PBXProject section */
		030BD01120AF7D96007C2982 /* Project object */ = {
			isa = PBXProject;
			attributes = {
				LastSwiftUpdateCheck = 0920;
				LastUpgradeCheck = 0920;
				ORGANIZATIONNAME = "yurii zhuk";
				TargetAttributes = {
					030BD01820AF7D96007C2982 = {
						CreatedOnToolsVersion = 9.2;
						ProvisioningStyle = Automatic;
					};
				};
			};
			buildConfigurationList = 030BD01420AF7D96007C2982 /* Build configuration list for PBXProject "HW-9(Swift)" */;
			compatibilityVersion = "Xcode 8.0";
			developmentRegion = en;
			hasScannedForEncodings = 0;
			knownRegions = (
				en,
			);
			mainGroup = 030BD01020AF7D96007C2982;
			productRefGroup = 030BD01A20AF7D96007C2982 /* Products */;
			projectDirPath = "";
			projectRoot = "";
			targets = (
				030BD01820AF7D96007C2982 /* HW-9(Swift) */,
			);
		};
/* End PBXProject section */

/* Begin PBXSourcesBuildPhase section */
		030BD01520AF7D96007C2982 /* Sources */ = {
			isa = PBXSourcesBuildPhase;
			buildActionMask = 2147483647;
			files = (
				03FF16AF20B0E5A2006864A6 /* GeometricEntity+subscript.swift in Sources */,
				03FF16A620B0CDDF006864A6 /* GeometricEntity+area.swift in Sources */,
				03FF16B320B143AB006864A6 /* Quadrilateral.swift in Sources */,
				03FF16B920B15720006864A6 /* Point.swift in Sources */,
				03FF16B720B15168006864A6 /* Unknown.swift in Sources */,
				03FF16B520B14FB0006864A6 /* Mathematics.swift in Sources */,
				03FF16B120B0E7A1006864A6 /* Triangle.swift in Sources */,
				03FF16AD20B0E4AB006864A6 /* Figure.swift in Sources */,
				030BD01D20AF7D96007C2982 /* main.swift in Sources */,
				03FF16AB20B0CFEA006864A6 /* Line.swift in Sources */,
				03FF16A420B0CC2C006864A6 /*  GeometricEntity.swift in Sources */,
				03FF16A820B0CE02006864A6 /* GeometricEntity+perimetr.swift in Sources */,
			);
			runOnlyForDeploymentPostprocessing = 0;
		};
/* End PBXSourcesBuildPhase section */

/* Begin XCBuildConfiguration section */
		030BD01E20AF7D96007C2982 /* Debug */ = {
			isa = XCBuildConfiguration;
			buildSettings = {
				ALWAYS_SEARCH_USER_PATHS = NO;
				CLANG_ANALYZER_NONNULL = YES;
				CLANG_ANALYZER_NUMBER_OBJECT_CONVERSION = YES_AGGRESSIVE;
				CLANG_CXX_LANGUAGE_STANDARD = "gnu++14";
				CLANG_CXX_LIBRARY = "libc++";
				CLANG_ENABLE_MODULES = YES;
				CLANG_ENABLE_OBJC_ARC = YES;
				CLANG_WARN_BLOCK_CAPTURE_AUTORELEASING = YES;
				CLANG_WARN_BOOL_CONVERSION = YES;
				CLANG_WARN_COMMA = YES;
				CLANG_WARN_CONSTANT_CONVERSION = YES;
				CLANG_WARN_DIRECT_OBJC_ISA_USAGE = YES_ERROR;
				CLANG_WARN_DOCUMENTATION_COMMENTS = YES;
				CLANG_WARN_EMPTY_BODY = YES;
				CLANG_WARN_ENUM_CONVERSION = YES;
				CLANG_WARN_INFINITE_RECURSION = YES;
				CLANG_WARN_INT_CONVERSION = YES;
				CLANG_WARN_NON_LITERAL_NULL_CONVERSION = YES;
				CLANG_WARN_OBJC_LITERAL_CONVERSION = YES;
				CLANG_WARN_OBJC_ROOT_CLASS = YES_ERROR;
				CLANG_WARN_RANGE_LOOP_ANALYSIS = YES;
				CLANG_WARN_STRICT_PROTOTYPES = YES;
				CLANG_WARN_SUSPICIOUS_MOVE = YES;
				CLANG_WARN_UNGUARDED_AVAILABILITY = YES_AGGRESSIVE;
				CLANG_WARN_UNREACHABLE_CODE = YES;
				CLANG_WARN__DUPLICATE_METHOD_MATCH = YES;
				CODE_SIGN_IDENTITY = "Mac Developer";
				COPY_PHASE_STRIP = NO;
				DEBUG_INFORMATION_FORMAT = dwarf;
				ENABLE_STRICT_OBJC_MSGSEND = YES;
				ENABLE_TESTABILITY = YES;
				GCC_C_LANGUAGE_STANDARD = gnu11;
				GCC_DYNAMIC_NO_PIC = NO;
				GCC_NO_COMMON_BLOCKS = YES;
				GCC_OPTIMIZATION_LEVEL = 0;
				GCC_PREPROCESSOR_DEFINITIONS = (
					"DEBUG=1",
					"$(inherited)",
				);
				GCC_WARN_64_TO_32_BIT_CONVERSION = YES;
				GCC_WARN_ABOUT_RETURN_TYPE = YES_ERROR;
				GCC_WARN_UNDECLARED_SELECTOR = YES;
				GCC_WARN_UNINITIALIZED_AUTOS = YES_AGGRESSIVE;
				GCC_WARN_UNUSED_FUNCTION = YES;
				GCC_WARN_UNUSED_VARIABLE = YES;
				MACOSX_DEPLOYMENT_TARGET = 10.12;
				MTL_ENABLE_DEBUG_INFO = YES;
				ONLY_ACTIVE_ARCH = YES;
				SDKROOT = macosx;
				SWIFT_ACTIVE_COMPILATION_CONDITIONS = DEBUG;
				SWIFT_OPTIMIZATION_LEVEL = "-Onone";
			};
			name = Debug;
		};
		030BD01F20AF7D96007C2982 /* Release */ = {
			isa = XCBuildConfiguration;
			buildSettings = {
				ALWAYS_SEARCH_USER_PATHS = NO;
				CLANG_ANALYZER_NONNULL = YES;
				CLANG_ANALYZER_NUMBER_OBJECT_CONVERSION = YES_AGGRESSIVE;
				CLANG_CXX_LANGUAGE_STANDARD = "gnu++14";
				CLANG_CXX_LIBRARY = "libc++";
				CLANG_ENABLE_MODULES = YES;
				CLANG_ENABLE_OBJC_ARC = YES;
				CLANG_WARN_BLOCK_CAPTURE_AUTORELEASING = YES;
				CLANG_WARN_BOOL_CONVERSION = YES;
				CLANG_WARN_COMMA = YES;
				CLANG_WARN_CONSTANT_CONVERSION = YES;
				CLANG_WARN_DIRECT_OBJC_ISA_USAGE = YES_ERROR;
				CLANG_WARN_DOCUMENTATION_COMMENTS = YES;
				CLANG_WARN_EMPTY_BODY = YES;
				CLANG_WARN_ENUM_CONVERSION = YES;
				CLANG_WARN_INFINITE_RECURSION = YES;
				CLANG_WARN_INT_CONVERSION = YES;
				CLANG_WARN_NON_LITERAL_NULL_CONVERSION = YES;
				CLANG_WARN_OBJC_LITERAL_CONVERSION = YES;
				CLANG_WARN_OBJC_ROOT_CLASS = YES_ERROR;
				CLANG_WARN_RANGE_LOOP_ANALYSIS = YES;
				CLANG_WARN_STRICT_PROTOTYPES = YES;
				CLANG_WARN_SUSPICIOUS_MOVE = YES;
				CLANG_WARN_UNGUARDED_AVAILABILITY = YES_AGGRESSIVE;
				CLANG_WARN_UNREACHABLE_CODE = YES;
				CLANG_WARN__DUPLICATE_METHOD_MATCH = YES;
				CODE_SIGN_IDENTITY = "Mac Developer";
				COPY_PHASE_STRIP = NO;
				DEBUG_INFORMATION_FORMAT = "dwarf-with-dsym";
				ENABLE_NS_ASSERTIONS = NO;
				ENABLE_STRICT_OBJC_MSGSEND = YES;
				GCC_C_LANGUAGE_STANDARD = gnu11;
				GCC_NO_COMMON_BLOCKS = YES;
				GCC_WARN_64_TO_32_BIT_CONVERSION = YES;
				GCC_WARN_ABOUT_RETURN_TYPE = YES_ERROR;
				GCC_WARN_UNDECLARED_SELECTOR = YES;
				GCC_WARN_UNINITIALIZED_AUTOS = YES_AGGRESSIVE;
				GCC_WARN_UNUSED_FUNCTION = YES;
				GCC_WARN_UNUSED_VARIABLE = YES;
				MACOSX_DEPLOYMENT_TARGET = 10.12;
				MTL_ENABLE_DEBUG_INFO = NO;
				SDKROOT = macosx;
				SWIFT_OPTIMIZATION_LEVEL = "-Owholemodule";
			};
			name = Release;
		};
		030BD02120AF7D96007C2982 /* Debug */ = {
			isa = XCBuildConfiguration;
			buildSettings = {
				CODE_SIGN_STYLE = Automatic;
				DEVELOPMENT_TEAM = QG8877DZ36;
				PRODUCT_NAME = "$(TARGET_NAME)";
				SWIFT_VERSION = 4.0;
			};
			name = Debug;
		};
		030BD02220AF7D96007C2982 /* Release */ = {
			isa = XCBuildConfiguration;
			buildSettings = {
				CODE_SIGN_STYLE = Automatic;
				DEVELOPMENT_TEAM = QG8877DZ36;
				PRODUCT_NAME = "$(TARGET_NAME)";
				SWIFT_VERSION = 4.0;
			};
			name = Release;
		};
/* End XCBuildConfiguration section */

/* Begin XCConfigurationList section */
		030BD01420AF7D96007C2982 /* Build configuration list for PBXProject "HW-9(Swift)" */ = {
			isa = XCConfigurationList;
			buildConfigurations = (
				030BD01E20AF7D96007C2982 /* Debug */,
				030BD01F20AF7D96007C2982 /* Release */,
			);
			defaultConfigurationIsVisible = 0;
			defaultConfigurationName = Release;
		};
		030BD02020AF7D96007C2982 /* Build configuration list for PBXNativeTarget "HW-9(Swift)" */ = {
			isa = XCConfigurationList;
			buildConfigurations = (
				030BD02120AF7D96007C2982 /* Debug */,
				030BD02220AF7D96007C2982 /* Release */,
			);
			defaultConfigurationIsVisible = 0;
			defaultConfigurationName = Release;
		};
/* End XCConfigurationList section */
	};
	rootObject = 030BD01120AF7D96007C2982 /* Project object */;
}
