// !$*UTF8*$!
{
	archiveVersion = 1;
	classes = {
	};
	objectVersion = 48;
	objects = {

/* Begin PBXBuildFile section */
		0305AE1420A31526007EEF05 /* 8.1_5.swift in Sources */ = {isa = PBXBuildFile; fileRef = 0305AE1320A31526007EEF05 /* 8.1_5.swift */; };
		0305AE1620A31AE4007EEF05 /* 8.1_6.swift in Sources */ = {isa = PBXBuildFile; fileRef = 0305AE1520A31AE4007EEF05 /* 8.1_6.swift */; };
		0305AE1820A31E95007EEF05 /* 8.1_7.swift in Sources */ = {isa = PBXBuildFile; fileRef = 0305AE1720A31E95007EEF05 /* 8.1_7.swift */; };
		03967E5C20A2DBF600AE9630 /* main.swift in Sources */ = {isa = PBXBuildFile; fileRef = 03967E5B20A2DBF600AE9630 /* main.swift */; };
		03967E6320A2DC2500AE9630 /* Point.swift in Sources */ = {isa = PBXBuildFile; fileRef = 03967E6220A2DC2500AE9630 /* Point.swift */; };
		03D3E2D120A582280012E37D /* 8.2.swift in Sources */ = {isa = PBXBuildFile; fileRef = 03D3E2D020A582280012E37D /* 8.2.swift */; };
		03D3E2D320A71FAD0012E37D /* 8.2_5.swift in Sources */ = {isa = PBXBuildFile; fileRef = 03D3E2D220A71FAD0012E37D /* 8.2_5.swift */; };
/* End PBXBuildFile section */

/* Begin PBXCopyFilesBuildPhase section */
		03967E5620A2DBF600AE9630 /* CopyFiles */ = {
			isa = PBXCopyFilesBuildPhase;
			buildActionMask = 2147483647;
			dstPath = /usr/share/man/man1/;
			dstSubfolderSpec = 0;
			files = (
			);
			runOnlyForDeploymentPostprocessing = 1;
		};
/* End PBXCopyFilesBuildPhase section */

/* Begin PBXFileReference section */
		0305AE1320A31526007EEF05 /* 8.1_5.swift */ = {isa = PBXFileReference; lastKnownFileType = sourcecode.swift; path = 8.1_5.swift; sourceTree = "<group>"; };
		0305AE1520A31AE4007EEF05 /* 8.1_6.swift */ = {isa = PBXFileReference; lastKnownFileType = sourcecode.swift; path = 8.1_6.swift; sourceTree = "<group>"; };
		0305AE1720A31E95007EEF05 /* 8.1_7.swift */ = {isa = PBXFileReference; lastKnownFileType = sourcecode.swift; path = 8.1_7.swift; sourceTree = "<group>"; };
		03967E5820A2DBF600AE9630 /* HW8(Swift) */ = {isa = PBXFileReference; explicitFileType = "compiled.mach-o.executable"; includeInIndex = 0; path = "HW8(Swift)"; sourceTree = BUILT_PRODUCTS_DIR; };
		03967E5B20A2DBF600AE9630 /* main.swift */ = {isa = PBXFileReference; lastKnownFileType = sourcecode.swift; path = main.swift; sourceTree = "<group>"; };
		03967E6220A2DC2500AE9630 /* Point.swift */ = {isa = PBXFileReference; lastKnownFileType = sourcecode.swift; path = Point.swift; sourceTree = "<group>"; };
		03D3E2D020A582280012E37D /* 8.2.swift */ = {isa = PBXFileReference; lastKnownFileType = sourcecode.swift; path = 8.2.swift; sourceTree = "<group>"; };
		03D3E2D220A71FAD0012E37D /* 8.2_5.swift */ = {isa = PBXFileReference; lastKnownFileType = sourcecode.swift; path = 8.2_5.swift; sourceTree = "<group>"; };
/* End PBXFileReference section */

/* Begin PBXFrameworksBuildPhase section */
		03967E5520A2DBF600AE9630 /* Frameworks */ = {
			isa = PBXFrameworksBuildPhase;
			buildActionMask = 2147483647;
			files = (
			);
			runOnlyForDeploymentPostprocessing = 0;
		};
/* End PBXFrameworksBuildPhase section */

/* Begin PBXGroup section */
		03967E4F20A2DBF600AE9630 = {
			isa = PBXGroup;
			children = (
				03967E5A20A2DBF600AE9630 /* HW8(Swift) */,
				03967E5920A2DBF600AE9630 /* Products */,
			);
			sourceTree = "<group>";
		};
		03967E5920A2DBF600AE9630 /* Products */ = {
			isa = PBXGroup;
			children = (
				03967E5820A2DBF600AE9630 /* HW8(Swift) */,
			);
			name = Products;
			sourceTree = "<group>";
		};
		03967E5A20A2DBF600AE9630 /* HW8(Swift) */ = {
			isa = PBXGroup;
			children = (
				03967E5B20A2DBF600AE9630 /* main.swift */,
				03967E6220A2DC2500AE9630 /* Point.swift */,
				0305AE1320A31526007EEF05 /* 8.1_5.swift */,
				0305AE1520A31AE4007EEF05 /* 8.1_6.swift */,
				0305AE1720A31E95007EEF05 /* 8.1_7.swift */,
				03D3E2D020A582280012E37D /* 8.2.swift */,
				03D3E2D220A71FAD0012E37D /* 8.2_5.swift */,
			);
			path = "HW8(Swift)";
			sourceTree = "<group>";
		};
/* End PBXGroup section */

/* Begin PBXNativeTarget section */
		03967E5720A2DBF600AE9630 /* HW8(Swift) */ = {
			isa = PBXNativeTarget;
			buildConfigurationList = 03967E5F20A2DBF600AE9630 /* Build configuration list for PBXNativeTarget "HW8(Swift)" */;
			buildPhases = (
				03967E5420A2DBF600AE9630 /* Sources */,
				03967E5520A2DBF600AE9630 /* Frameworks */,
				03967E5620A2DBF600AE9630 /* CopyFiles */,
			);
			buildRules = (
			);
			dependencies = (
			);
			name = "HW8(Swift)";
			productName = "HW8(Swift)";
			productReference = 03967E5820A2DBF600AE9630 /* HW8(Swift) */;
			productType = "com.apple.product-type.tool";
		};
/* End PBXNativeTarget section */

/* Begin PBXProject section */
		03967E5020A2DBF600AE9630 /* Project object */ = {
			isa = PBXProject;
			attributes = {
				LastSwiftUpdateCheck = 0920;
				LastUpgradeCheck = 0920;
				ORGANIZATIONNAME = "yurii zhuk";
				TargetAttributes = {
					03967E5720A2DBF600AE9630 = {
						CreatedOnToolsVersion = 9.2;
						ProvisioningStyle = Automatic;
					};
				};
			};
			buildConfigurationList = 03967E5320A2DBF600AE9630 /* Build configuration list for PBXProject "HW8(Swift)" */;
			compatibilityVersion = "Xcode 8.0";
			developmentRegion = en;
			hasScannedForEncodings = 0;
			knownRegions = (
				en,
			);
			mainGroup = 03967E4F20A2DBF600AE9630;
			productRefGroup = 03967E5920A2DBF600AE9630 /* Products */;
			projectDirPath = "";
			projectRoot = "";
			targets = (
				03967E5720A2DBF600AE9630 /* HW8(Swift) */,
			);
		};
/* End PBXProject section */

/* Begin PBXSourcesBuildPhase section */
		03967E5420A2DBF600AE9630 /* Sources */ = {
			isa = PBXSourcesBuildPhase;
			buildActionMask = 2147483647;
			files = (
				03967E6320A2DC2500AE9630 /* Point.swift in Sources */,
				0305AE1420A31526007EEF05 /* 8.1_5.swift in Sources */,
				0305AE1620A31AE4007EEF05 /* 8.1_6.swift in Sources */,
				03D3E2D120A582280012E37D /* 8.2.swift in Sources */,
				03967E5C20A2DBF600AE9630 /* main.swift in Sources */,
				0305AE1820A31E95007EEF05 /* 8.1_7.swift in Sources */,
				03D3E2D320A71FAD0012E37D /* 8.2_5.swift in Sources */,
			);
			runOnlyForDeploymentPostprocessing = 0;
		};
/* End PBXSourcesBuildPhase section */

/* Begin XCBuildConfiguration section */
		03967E5D20A2DBF600AE9630 /* Debug */ = {
			isa = XCBuildConfiguration;
			buildSettings = {
				ALWAYS_SEARCH_USER_PATHS = NO;
				CLANG_ANALYZER_NONNULL = YES;
				CLANG_ANALYZER_NUMBER_OBJECT_CONVERSION = YES_AGGRESSIVE;
				CLANG_CXX_LANGUAGE_STANDARD = "gnu++14";
				CLANG_CXX_LIBRARY = "libc++";
				CLANG_ENABLE_MODULES = YES;
				CLANG_ENABLE_OBJC_ARC = YES;
				CLANG_WARN_BLOCK_CAPTURE_AUTORELEASING = YES;
				CLANG_WARN_BOOL_CONVERSION = YES;
				CLANG_WARN_COMMA = YES;
				CLANG_WARN_CONSTANT_CONVERSION = YES;
				CLANG_WARN_DIRECT_OBJC_ISA_USAGE = YES_ERROR;
				CLANG_WARN_DOCUMENTATION_COMMENTS = YES;
				CLANG_WARN_EMPTY_BODY = YES;
				CLANG_WARN_ENUM_CONVERSION = YES;
				CLANG_WARN_INFINITE_RECURSION = YES;
				CLANG_WARN_INT_CONVERSION = YES;
				CLANG_WARN_NON_LITERAL_NULL_CONVERSION = YES;
				CLANG_WARN_OBJC_LITERAL_CONVERSION = YES;
				CLANG_WARN_OBJC_ROOT_CLASS = YES_ERROR;
				CLANG_WARN_RANGE_LOOP_ANALYSIS = YES;
				CLANG_WARN_STRICT_PROTOTYPES = YES;
				CLANG_WARN_SUSPICIOUS_MOVE = YES;
				CLANG_WARN_UNGUARDED_AVAILABILITY = YES_AGGRESSIVE;
				CLANG_WARN_UNREACHABLE_CODE = YES;
				CLANG_WARN__DUPLICATE_METHOD_MATCH = YES;
				CODE_SIGN_IDENTITY = "Mac Developer";
				COPY_PHASE_STRIP = NO;
				DEBUG_INFORMATION_FORMAT = dwarf;
				ENABLE_STRICT_OBJC_MSGSEND = YES;
				ENABLE_TESTABILITY = YES;
				GCC_C_LANGUAGE_STANDARD = gnu11;
				GCC_DYNAMIC_NO_PIC = NO;
				GCC_NO_COMMON_BLOCKS = YES;
				GCC_OPTIMIZATION_LEVEL = 0;
				GCC_PREPROCESSOR_DEFINITIONS = (
					"DEBUG=1",
					"$(inherited)",
				);
				GCC_WARN_64_TO_32_BIT_CONVERSION = YES;
				GCC_WARN_ABOUT_RETURN_TYPE = YES_ERROR;
				GCC_WARN_UNDECLARED_SELECTOR = YES;
				GCC_WARN_UNINITIALIZED_AUTOS = YES_AGGRESSIVE;
				GCC_WARN_UNUSED_FUNCTION = YES;
				GCC_WARN_UNUSED_VARIABLE = YES;
				MACOSX_DEPLOYMENT_TARGET = 10.12;
				MTL_ENABLE_DEBUG_INFO = YES;
				ONLY_ACTIVE_ARCH = YES;
				SDKROOT = macosx;
				SWIFT_ACTIVE_COMPILATION_CONDITIONS = DEBUG;
				SWIFT_OPTIMIZATION_LEVEL = "-Onone";
			};
			name = Debug;
		};
		03967E5E20A2DBF600AE9630 /* Release */ = {
			isa = XCBuildConfiguration;
			buildSettings = {
				ALWAYS_SEARCH_USER_PATHS = NO;
				CLANG_ANALYZER_NONNULL = YES;
				CLANG_ANALYZER_NUMBER_OBJECT_CONVERSION = YES_AGGRESSIVE;
				CLANG_CXX_LANGUAGE_STANDARD = "gnu++14";
				CLANG_CXX_LIBRARY = "libc++";
				CLANG_ENABLE_MODULES = YES;
				CLANG_ENABLE_OBJC_ARC = YES;
				CLANG_WARN_BLOCK_CAPTURE_AUTORELEASING = YES;
				CLANG_WARN_BOOL_CONVERSION = YES;
				CLANG_WARN_COMMA = YES;
				CLANG_WARN_CONSTANT_CONVERSION = YES;
				CLANG_WARN_DIRECT_OBJC_ISA_USAGE = YES_ERROR;
				CLANG_WARN_DOCUMENTATION_COMMENTS = YES;
				CLANG_WARN_EMPTY_BODY = YES;
				CLANG_WARN_ENUM_CONVERSION = YES;
				CLANG_WARN_INFINITE_RECURSION = YES;
				CLANG_WARN_INT_CONVERSION = YES;
				CLANG_WARN_NON_LITERAL_NULL_CONVERSION = YES;
				CLANG_WARN_OBJC_LITERAL_CONVERSION = YES;
				CLANG_WARN_OBJC_ROOT_CLASS = YES_ERROR;
				CLANG_WARN_RANGE_LOOP_ANALYSIS = YES;
				CLANG_WARN_STRICT_PROTOTYPES = YES;
				CLANG_WARN_SUSPICIOUS_MOVE = YES;
				CLANG_WARN_UNGUARDED_AVAILABILITY = YES_AGGRESSIVE;
				CLANG_WARN_UNREACHABLE_CODE = YES;
				CLANG_WARN__DUPLICATE_METHOD_MATCH = YES;
				CODE_SIGN_IDENTITY = "Mac Developer";
				COPY_PHASE_STRIP = NO;
				DEBUG_INFORMATION_FORMAT = "dwarf-with-dsym";
				ENABLE_NS_ASSERTIONS = NO;
				ENABLE_STRICT_OBJC_MSGSEND = YES;
				GCC_C_LANGUAGE_STANDARD = gnu11;
				GCC_NO_COMMON_BLOCKS = YES;
				GCC_WARN_64_TO_32_BIT_CONVERSION = YES;
				GCC_WARN_ABOUT_RETURN_TYPE = YES_ERROR;
				GCC_WARN_UNDECLARED_SELECTOR = YES;
				GCC_WARN_UNINITIALIZED_AUTOS = YES_AGGRESSIVE;
				GCC_WARN_UNUSED_FUNCTION = YES;
				GCC_WARN_UNUSED_VARIABLE = YES;
				MACOSX_DEPLOYMENT_TARGET = 10.12;
				MTL_ENABLE_DEBUG_INFO = NO;
				SDKROOT = macosx;
				SWIFT_OPTIMIZATION_LEVEL = "-Owholemodule";
			};
			name = Release;
		};
		03967E6020A2DBF600AE9630 /* Debug */ = {
			isa = XCBuildConfiguration;
			buildSettings = {
				CODE_SIGN_STYLE = Automatic;
				DEVELOPMENT_TEAM = QG8877DZ36;
				PRODUCT_NAME = "$(TARGET_NAME)";
				SWIFT_VERSION = 4.0;
			};
			name = Debug;
		};
		03967E6120A2DBF600AE9630 /* Release */ = {
			isa = XCBuildConfiguration;
			buildSettings = {
				CODE_SIGN_STYLE = Automatic;
				DEVELOPMENT_TEAM = QG8877DZ36;
				PRODUCT_NAME = "$(TARGET_NAME)";
				SWIFT_VERSION = 4.0;
			};
			name = Release;
		};
/* End XCBuildConfiguration section */

/* Begin XCConfigurationList section */
		03967E5320A2DBF600AE9630 /* Build configuration list for PBXProject "HW8(Swift)" */ = {
			isa = XCConfigurationList;
			buildConfigurations = (
				03967E5D20A2DBF600AE9630 /* Debug */,
				03967E5E20A2DBF600AE9630 /* Release */,
			);
			defaultConfigurationIsVisible = 0;
			defaultConfigurationName = Release;
		};
		03967E5F20A2DBF600AE9630 /* Build configuration list for PBXNativeTarget "HW8(Swift)" */ = {
			isa = XCConfigurationList;
			buildConfigurations = (
				03967E6020A2DBF600AE9630 /* Debug */,
				03967E6120A2DBF600AE9630 /* Release */,
			);
			defaultConfigurationIsVisible = 0;
			defaultConfigurationName = Release;
		};
/* End XCConfigurationList section */
	};
	rootObject = 03967E5020A2DBF600AE9630 /* Project object */;
}
