// !$*UTF8*$!
{
	archiveVersion = 1;
	classes = {
	};
	objectVersion = 48;
	objects = {

/* Begin PBXBuildFile section */
		031FF70520D3D1ED00E624F8 /* AppDelegate.swift in Sources */ = {isa = PBXBuildFile; fileRef = 031FF70420D3D1ED00E624F8 /* AppDelegate.swift */; };
		031FF70720D3D1ED00E624F8 /* WorldClockViewController.swift in Sources */ = {isa = PBXBuildFile; fileRef = 031FF70620D3D1ED00E624F8 /* WorldClockViewController.swift */; };
		031FF70920D3D1ED00E624F8 /* AlarmViewController.swift in Sources */ = {isa = PBXBuildFile; fileRef = 031FF70820D3D1ED00E624F8 /* AlarmViewController.swift */; };
		031FF70C20D3D1ED00E624F8 /* Main.storyboard in Resources */ = {isa = PBXBuildFile; fileRef = 031FF70A20D3D1ED00E624F8 /* Main.storyboard */; };
		031FF70E20D3D1ED00E624F8 /* Assets.xcassets in Resources */ = {isa = PBXBuildFile; fileRef = 031FF70D20D3D1ED00E624F8 /* Assets.xcassets */; };
		031FF71120D3D1ED00E624F8 /* LaunchScreen.storyboard in Resources */ = {isa = PBXBuildFile; fileRef = 031FF70F20D3D1ED00E624F8 /* LaunchScreen.storyboard */; };
		031FF71920D3D6BA00E624F8 /* ClockView.swift in Sources */ = {isa = PBXBuildFile; fileRef = 031FF71820D3D6BA00E624F8 /* ClockView.swift */; };
		031FF71D20D3FF5400E624F8 /* WorldClockTableViewCell.swift in Sources */ = {isa = PBXBuildFile; fileRef = 031FF71C20D3FF5400E624F8 /* WorldClockTableViewCell.swift */; };
		031FF73E20D42A0500E624F8 /* AlarmTableViewCell.swift in Sources */ = {isa = PBXBuildFile; fileRef = 031FF73D20D42A0500E624F8 /* AlarmTableViewCell.swift */; };
		031FF74020D43CE700E624F8 /* AtributedString + DateStringFormater.swift in Sources */ = {isa = PBXBuildFile; fileRef = 031FF73F20D43CE700E624F8 /* AtributedString + DateStringFormater.swift */; };
		031FF74420D462AA00E624F8 /* StopwatchViewController.swift in Sources */ = {isa = PBXBuildFile; fileRef = 031FF74320D462AA00E624F8 /* StopwatchViewController.swift */; };
		031FF74620D5610900E624F8 /* StopwatchTableViewCell.swift in Sources */ = {isa = PBXBuildFile; fileRef = 031FF74520D5610900E624F8 /* StopwatchTableViewCell.swift */; };
		031FF74B20D57A6800E624F8 /* TimerViewController.swift in Sources */ = {isa = PBXBuildFile; fileRef = 031FF74A20D57A6800E624F8 /* TimerViewController.swift */; };
		031FF74D20D5C28C00E624F8 /* PickerView + PickerView.swift in Sources */ = {isa = PBXBuildFile; fileRef = 031FF74C20D5C28C00E624F8 /* PickerView + PickerView.swift */; };
/* End PBXBuildFile section */

/* Begin PBXFileReference section */
		031FF70120D3D1ED00E624F8 /* hw-15(Swift).app */ = {isa = PBXFileReference; explicitFileType = wrapper.application; includeInIndex = 0; path = "hw-15(Swift).app"; sourceTree = BUILT_PRODUCTS_DIR; };
		031FF70420D3D1ED00E624F8 /* AppDelegate.swift */ = {isa = PBXFileReference; lastKnownFileType = sourcecode.swift; path = AppDelegate.swift; sourceTree = "<group>"; };
		031FF70620D3D1ED00E624F8 /* WorldClockViewController.swift */ = {isa = PBXFileReference; lastKnownFileType = sourcecode.swift; path = WorldClockViewController.swift; sourceTree = "<group>"; };
		031FF70820D3D1ED00E624F8 /* AlarmViewController.swift */ = {isa = PBXFileReference; lastKnownFileType = sourcecode.swift; path = AlarmViewController.swift; sourceTree = "<group>"; };
		031FF70B20D3D1ED00E624F8 /* Base */ = {isa = PBXFileReference; lastKnownFileType = file.storyboard; name = Base; path = Base.lproj/Main.storyboard; sourceTree = "<group>"; };
		031FF70D20D3D1ED00E624F8 /* Assets.xcassets */ = {isa = PBXFileReference; lastKnownFileType = folder.assetcatalog; path = Assets.xcassets; sourceTree = "<group>"; };
		031FF71020D3D1ED00E624F8 /* Base */ = {isa = PBXFileReference; lastKnownFileType = file.storyboard; name = Base; path = Base.lproj/LaunchScreen.storyboard; sourceTree = "<group>"; };
		031FF71220D3D1ED00E624F8 /* Info.plist */ = {isa = PBXFileReference; lastKnownFileType = text.plist.xml; path = Info.plist; sourceTree = "<group>"; };
		031FF71820D3D6BA00E624F8 /* ClockView.swift */ = {isa = PBXFileReference; lastKnownFileType = sourcecode.swift; path = ClockView.swift; sourceTree = "<group>"; };
		031FF71C20D3FF5400E624F8 /* WorldClockTableViewCell.swift */ = {isa = PBXFileReference; fileEncoding = 4; lastKnownFileType = sourcecode.swift; path = WorldClockTableViewCell.swift; sourceTree = "<group>"; };
		031FF73D20D42A0500E624F8 /* AlarmTableViewCell.swift */ = {isa = PBXFileReference; lastKnownFileType = sourcecode.swift; path = AlarmTableViewCell.swift; sourceTree = "<group>"; };
		031FF73F20D43CE700E624F8 /* AtributedString + DateStringFormater.swift */ = {isa = PBXFileReference; lastKnownFileType = sourcecode.swift; path = "AtributedString + DateStringFormater.swift"; sourceTree = "<group>"; };
		031FF74320D462AA00E624F8 /* StopwatchViewController.swift */ = {isa = PBXFileReference; lastKnownFileType = sourcecode.swift; path = StopwatchViewController.swift; sourceTree = "<group>"; };
		031FF74520D5610900E624F8 /* StopwatchTableViewCell.swift */ = {isa = PBXFileReference; lastKnownFileType = sourcecode.swift; path = StopwatchTableViewCell.swift; sourceTree = "<group>"; };
		031FF74A20D57A6800E624F8 /* TimerViewController.swift */ = {isa = PBXFileReference; lastKnownFileType = sourcecode.swift; path = TimerViewController.swift; sourceTree = "<group>"; };
		031FF74C20D5C28C00E624F8 /* PickerView + PickerView.swift */ = {isa = PBXFileReference; lastKnownFileType = sourcecode.swift; path = "PickerView + PickerView.swift"; sourceTree = "<group>"; };
/* End PBXFileReference section */

/* Begin PBXFrameworksBuildPhase section */
		031FF6FE20D3D1ED00E624F8 /* Frameworks */ = {
			isa = PBXFrameworksBuildPhase;
			buildActionMask = 2147483647;
			files = (
			);
			runOnlyForDeploymentPostprocessing = 0;
		};
/* End PBXFrameworksBuildPhase section */

/* Begin PBXGroup section */
		031FF6F820D3D1ED00E624F8 = {
			isa = PBXGroup;
			children = (
				031FF70320D3D1ED00E624F8 /* hw-15(Swift) */,
				031FF70220D3D1ED00E624F8 /* Products */,
			);
			sourceTree = "<group>";
		};
		031FF70220D3D1ED00E624F8 /* Products */ = {
			isa = PBXGroup;
			children = (
				031FF70120D3D1ED00E624F8 /* hw-15(Swift).app */,
			);
			name = Products;
			sourceTree = "<group>";
		};
		031FF70320D3D1ED00E624F8 /* hw-15(Swift) */ = {
			isa = PBXGroup;
			children = (
				031FF70420D3D1ED00E624F8 /* AppDelegate.swift */,
				031FF71E20D4112B00E624F8 /* World Clock */,
				031FF74220D440DE00E624F8 /* Alarm */,
				031FF74920D579BE00E624F8 /* Stopwatch */,
				031FF74A20D57A6800E624F8 /* TimerViewController.swift */,
				031FF70A20D3D1ED00E624F8 /* Main.storyboard */,
				031FF71820D3D6BA00E624F8 /* ClockView.swift */,
				031FF74120D43D1800E624F8 /* Extensions */,
				031FF70D20D3D1ED00E624F8 /* Assets.xcassets */,
				031FF70F20D3D1ED00E624F8 /* LaunchScreen.storyboard */,
				031FF71220D3D1ED00E624F8 /* Info.plist */,
			);
			path = "hw-15(Swift)";
			sourceTree = "<group>";
		};
		031FF71E20D4112B00E624F8 /* World Clock */ = {
			isa = PBXGroup;
			children = (
				031FF70620D3D1ED00E624F8 /* WorldClockViewController.swift */,
				031FF71C20D3FF5400E624F8 /* WorldClockTableViewCell.swift */,
			);
			path = "World Clock";
			sourceTree = "<group>";
		};
		031FF74120D43D1800E624F8 /* Extensions */ = {
			isa = PBXGroup;
			children = (
				031FF73F20D43CE700E624F8 /* AtributedString + DateStringFormater.swift */,
				031FF74C20D5C28C00E624F8 /* PickerView + PickerView.swift */,
			);
			path = Extensions;
			sourceTree = "<group>";
		};
		031FF74220D440DE00E624F8 /* Alarm */ = {
			isa = PBXGroup;
			children = (
				031FF70820D3D1ED00E624F8 /* AlarmViewController.swift */,
				031FF73D20D42A0500E624F8 /* AlarmTableViewCell.swift */,
			);
			path = Alarm;
			sourceTree = "<group>";
		};
		031FF74920D579BE00E624F8 /* Stopwatch */ = {
			isa = PBXGroup;
			children = (
				031FF74320D462AA00E624F8 /* StopwatchViewController.swift */,
				031FF74520D5610900E624F8 /* StopwatchTableViewCell.swift */,
			);
			path = Stopwatch;
			sourceTree = "<group>";
		};
/* End PBXGroup section */

/* Begin PBXNativeTarget section */
		031FF70020D3D1ED00E624F8 /* hw-15(Swift) */ = {
			isa = PBXNativeTarget;
			buildConfigurationList = 031FF71520D3D1ED00E624F8 /* Build configuration list for PBXNativeTarget "hw-15(Swift)" */;
			buildPhases = (
				031FF6FD20D3D1ED00E624F8 /* Sources */,
				031FF6FE20D3D1ED00E624F8 /* Frameworks */,
				031FF6FF20D3D1ED00E624F8 /* Resources */,
			);
			buildRules = (
			);
			dependencies = (
			);
			name = "hw-15(Swift)";
			productName = "hw-15(Swift)";
			productReference = 031FF70120D3D1ED00E624F8 /* hw-15(Swift).app */;
			productType = "com.apple.product-type.application";
		};
/* End PBXNativeTarget section */

/* Begin PBXProject section */
		031FF6F920D3D1ED00E624F8 /* Project object */ = {
			isa = PBXProject;
			attributes = {
				LastSwiftUpdateCheck = 0920;
				LastUpgradeCheck = 0920;
				ORGANIZATIONNAME = "yurii zhuk";
				TargetAttributes = {
					031FF70020D3D1ED00E624F8 = {
						CreatedOnToolsVersion = 9.2;
						ProvisioningStyle = Automatic;
					};
				};
			};
			buildConfigurationList = 031FF6FC20D3D1ED00E624F8 /* Build configuration list for PBXProject "hw-15(Swift)" */;
			compatibilityVersion = "Xcode 8.0";
			developmentRegion = en;
			hasScannedForEncodings = 0;
			knownRegions = (
				en,
				Base,
			);
			mainGroup = 031FF6F820D3D1ED00E624F8;
			productRefGroup = 031FF70220D3D1ED00E624F8 /* Products */;
			projectDirPath = "";
			projectRoot = "";
			targets = (
				031FF70020D3D1ED00E624F8 /* hw-15(Swift) */,
			);
		};
/* End PBXProject section */

/* Begin PBXResourcesBuildPhase section */
		031FF6FF20D3D1ED00E624F8 /* Resources */ = {
			isa = PBXResourcesBuildPhase;
			buildActionMask = 2147483647;
			files = (
				031FF71120D3D1ED00E624F8 /* LaunchScreen.storyboard in Resources */,
				031FF70E20D3D1ED00E624F8 /* Assets.xcassets in Resources */,
				031FF70C20D3D1ED00E624F8 /* Main.storyboard in Resources */,
			);
			runOnlyForDeploymentPostprocessing = 0;
		};
/* End PBXResourcesBuildPhase section */

/* Begin PBXSourcesBuildPhase section */
		031FF6FD20D3D1ED00E624F8 /* Sources */ = {
			isa = PBXSourcesBuildPhase;
			buildActionMask = 2147483647;
			files = (
				031FF74B20D57A6800E624F8 /* TimerViewController.swift in Sources */,
				031FF70920D3D1ED00E624F8 /* AlarmViewController.swift in Sources */,
				031FF74D20D5C28C00E624F8 /* PickerView + PickerView.swift in Sources */,
				031FF74620D5610900E624F8 /* StopwatchTableViewCell.swift in Sources */,
				031FF71D20D3FF5400E624F8 /* WorldClockTableViewCell.swift in Sources */,
				031FF71920D3D6BA00E624F8 /* ClockView.swift in Sources */,
				031FF70520D3D1ED00E624F8 /* AppDelegate.swift in Sources */,
				031FF74420D462AA00E624F8 /* StopwatchViewController.swift in Sources */,
				031FF70720D3D1ED00E624F8 /* WorldClockViewController.swift in Sources */,
				031FF74020D43CE700E624F8 /* AtributedString + DateStringFormater.swift in Sources */,
				031FF73E20D42A0500E624F8 /* AlarmTableViewCell.swift in Sources */,
			);
			runOnlyForDeploymentPostprocessing = 0;
		};
/* End PBXSourcesBuildPhase section */

/* Begin PBXVariantGroup section */
		031FF70A20D3D1ED00E624F8 /* Main.storyboard */ = {
			isa = PBXVariantGroup;
			children = (
				031FF70B20D3D1ED00E624F8 /* Base */,
			);
			name = Main.storyboard;
			sourceTree = "<group>";
		};
		031FF70F20D3D1ED00E624F8 /* LaunchScreen.storyboard */ = {
			isa = PBXVariantGroup;
			children = (
				031FF71020D3D1ED00E624F8 /* Base */,
			);
			name = LaunchScreen.storyboard;
			sourceTree = "<group>";
		};
/* End PBXVariantGroup section */

/* Begin XCBuildConfiguration section */
		031FF71320D3D1ED00E624F8 /* Debug */ = {
			isa = XCBuildConfiguration;
			buildSettings = {
				ALWAYS_SEARCH_USER_PATHS = NO;
				CLANG_ANALYZER_NONNULL = YES;
				CLANG_ANALYZER_NUMBER_OBJECT_CONVERSION = YES_AGGRESSIVE;
				CLANG_CXX_LANGUAGE_STANDARD = "gnu++14";
				CLANG_CXX_LIBRARY = "libc++";
				CLANG_ENABLE_MODULES = YES;
				CLANG_ENABLE_OBJC_ARC = YES;
				CLANG_WARN_BLOCK_CAPTURE_AUTORELEASING = YES;
				CLANG_WARN_BOOL_CONVERSION = YES;
				CLANG_WARN_COMMA = YES;
				CLANG_WARN_CONSTANT_CONVERSION = YES;
				CLANG_WARN_DIRECT_OBJC_ISA_USAGE = YES_ERROR;
				CLANG_WARN_DOCUMENTATION_COMMENTS = YES;
				CLANG_WARN_EMPTY_BODY = YES;
				CLANG_WARN_ENUM_CONVERSION = YES;
				CLANG_WARN_INFINITE_RECURSION = YES;
				CLANG_WARN_INT_CONVERSION = YES;
				CLANG_WARN_NON_LITERAL_NULL_CONVERSION = YES;
				CLANG_WARN_OBJC_LITERAL_CONVERSION = YES;
				CLANG_WARN_OBJC_ROOT_CLASS = YES_ERROR;
				CLANG_WARN_RANGE_LOOP_ANALYSIS = YES;
				CLANG_WARN_STRICT_PROTOTYPES = YES;
				CLANG_WARN_SUSPICIOUS_MOVE = YES;
				CLANG_WARN_UNGUARDED_AVAILABILITY = YES_AGGRESSIVE;
				CLANG_WARN_UNREACHABLE_CODE = YES;
				CLANG_WARN__DUPLICATE_METHOD_MATCH = YES;
				CODE_SIGN_IDENTITY = "iPhone Developer";
				COPY_PHASE_STRIP = NO;
				DEBUG_INFORMATION_FORMAT = dwarf;
				ENABLE_STRICT_OBJC_MSGSEND = YES;
				ENABLE_TESTABILITY = YES;
				GCC_C_LANGUAGE_STANDARD = gnu11;
				GCC_DYNAMIC_NO_PIC = NO;
				GCC_NO_COMMON_BLOCKS = YES;
				GCC_OPTIMIZATION_LEVEL = 0;
				GCC_PREPROCESSOR_DEFINITIONS = (
					"DEBUG=1",
					"$(inherited)",
				);
				GCC_WARN_64_TO_32_BIT_CONVERSION = YES;
				GCC_WARN_ABOUT_RETURN_TYPE = YES_ERROR;
				GCC_WARN_UNDECLARED_SELECTOR = YES;
				GCC_WARN_UNINITIALIZED_AUTOS = YES_AGGRESSIVE;
				GCC_WARN_UNUSED_FUNCTION = YES;
				GCC_WARN_UNUSED_VARIABLE = YES;
				IPHONEOS_DEPLOYMENT_TARGET = 11.2;
				MTL_ENABLE_DEBUG_INFO = YES;
				ONLY_ACTIVE_ARCH = YES;
				SDKROOT = iphoneos;
				SWIFT_ACTIVE_COMPILATION_CONDITIONS = DEBUG;
				SWIFT_OPTIMIZATION_LEVEL = "-Onone";
			};
			name = Debug;
		};
		031FF71420D3D1ED00E624F8 /* Release */ = {
			isa = XCBuildConfiguration;
			buildSettings = {
				ALWAYS_SEARCH_USER_PATHS = NO;
				CLANG_ANALYZER_NONNULL = YES;
				CLANG_ANALYZER_NUMBER_OBJECT_CONVERSION = YES_AGGRESSIVE;
				CLANG_CXX_LANGUAGE_STANDARD = "gnu++14";
				CLANG_CXX_LIBRARY = "libc++";
				CLANG_ENABLE_MODULES = YES;
				CLANG_ENABLE_OBJC_ARC = YES;
				CLANG_WARN_BLOCK_CAPTURE_AUTORELEASING = YES;
				CLANG_WARN_BOOL_CONVERSION = YES;
				CLANG_WARN_COMMA = YES;
				CLANG_WARN_CONSTANT_CONVERSION = YES;
				CLANG_WARN_DIRECT_OBJC_ISA_USAGE = YES_ERROR;
				CLANG_WARN_DOCUMENTATION_COMMENTS = YES;
				CLANG_WARN_EMPTY_BODY = YES;
				CLANG_WARN_ENUM_CONVERSION = YES;
				CLANG_WARN_INFINITE_RECURSION = YES;
				CLANG_WARN_INT_CONVERSION = YES;
				CLANG_WARN_NON_LITERAL_NULL_CONVERSION = YES;
				CLANG_WARN_OBJC_LITERAL_CONVERSION = YES;
				CLANG_WARN_OBJC_ROOT_CLASS = YES_ERROR;
				CLANG_WARN_RANGE_LOOP_ANALYSIS = YES;
				CLANG_WARN_STRICT_PROTOTYPES = YES;
				CLANG_WARN_SUSPICIOUS_MOVE = YES;
				CLANG_WARN_UNGUARDED_AVAILABILITY = YES_AGGRESSIVE;
				CLANG_WARN_UNREACHABLE_CODE = YES;
				CLANG_WARN__DUPLICATE_METHOD_MATCH = YES;
				CODE_SIGN_IDENTITY = "iPhone Developer";
				COPY_PHASE_STRIP = NO;
				DEBUG_INFORMATION_FORMAT = "dwarf-with-dsym";
				ENABLE_NS_ASSERTIONS = NO;
				ENABLE_STRICT_OBJC_MSGSEND = YES;
				GCC_C_LANGUAGE_STANDARD = gnu11;
				GCC_NO_COMMON_BLOCKS = YES;
				GCC_WARN_64_TO_32_BIT_CONVERSION = YES;
				GCC_WARN_ABOUT_RETURN_TYPE = YES_ERROR;
				GCC_WARN_UNDECLARED_SELECTOR = YES;
				GCC_WARN_UNINITIALIZED_AUTOS = YES_AGGRESSIVE;
				GCC_WARN_UNUSED_FUNCTION = YES;
				GCC_WARN_UNUSED_VARIABLE = YES;
				IPHONEOS_DEPLOYMENT_TARGET = 11.2;
				MTL_ENABLE_DEBUG_INFO = NO;
				SDKROOT = iphoneos;
				SWIFT_OPTIMIZATION_LEVEL = "-Owholemodule";
				VALIDATE_PRODUCT = YES;
			};
			name = Release;
		};
		031FF71620D3D1ED00E624F8 /* Debug */ = {
			isa = XCBuildConfiguration;
			buildSettings = {
				ASSETCATALOG_COMPILER_APPICON_NAME = AppIcon;
				CODE_SIGN_STYLE = Automatic;
				DEVELOPMENT_TEAM = QG8877DZ36;
				INFOPLIST_FILE = "hw-15(Swift)/Info.plist";
				LD_RUNPATH_SEARCH_PATHS = "$(inherited) @executable_path/Frameworks";
				PRODUCT_BUNDLE_IDENTIFIER = "CAD.hw-15-Swift-";
				PRODUCT_NAME = "$(TARGET_NAME)";
				SWIFT_VERSION = 4.0;
				TARGETED_DEVICE_FAMILY = "1,2";
			};
			name = Debug;
		};
		031FF71720D3D1ED00E624F8 /* Release */ = {
			isa = XCBuildConfiguration;
			buildSettings = {
				ASSETCATALOG_COMPILER_APPICON_NAME = AppIcon;
				CODE_SIGN_STYLE = Automatic;
				DEVELOPMENT_TEAM = QG8877DZ36;
				INFOPLIST_FILE = "hw-15(Swift)/Info.plist";
				LD_RUNPATH_SEARCH_PATHS = "$(inherited) @executable_path/Frameworks";
				PRODUCT_BUNDLE_IDENTIFIER = "CAD.hw-15-Swift-";
				PRODUCT_NAME = "$(TARGET_NAME)";
				SWIFT_VERSION = 4.0;
				TARGETED_DEVICE_FAMILY = "1,2";
			};
			name = Release;
		};
/* End XCBuildConfiguration section */

/* Begin XCConfigurationList section */
		031FF6FC20D3D1ED00E624F8 /* Build configuration list for PBXProject "hw-15(Swift)" */ = {
			isa = XCConfigurationList;
			buildConfigurations = (
				031FF71320D3D1ED00E624F8 /* Debug */,
				031FF71420D3D1ED00E624F8 /* Release */,
			);
			defaultConfigurationIsVisible = 0;
			defaultConfigurationName = Release;
		};
		031FF71520D3D1ED00E624F8 /* Build configuration list for PBXNativeTarget "hw-15(Swift)" */ = {
			isa = XCConfigurationList;
			buildConfigurations = (
				031FF71620D3D1ED00E624F8 /* Debug */,
				031FF71720D3D1ED00E624F8 /* Release */,
			);
			defaultConfigurationIsVisible = 0;
			defaultConfigurationName = Release;
		};
/* End XCConfigurationList section */
	};
	rootObject = 031FF6F920D3D1ED00E624F8 /* Project object */;
}
